
Microsoft Visual Studio Solution File, Format Version 12.00
# Visual Studio 14
VisualStudioVersion = 14.0.25420.1
MinimumVisualStudioVersion = 10.0.40219.1
Project("{FAE04EC0-301F-11D3-BF4B-00C04F79EFBC}") = "StampDutyCalculator.Console", "StampDutyCalculator.App\StampDutyCalculator.Console.csproj", "{A85F100C-0F29-44DB-88C5-40303B323333}"
EndProject
Project("{FAE04EC0-301F-11D3-BF4B-00C04F79EFBC}") = "StampDutyCalculator.Lib", "StampDutyCalculator.Lib\StampDutyCalculator.Lib.csproj", "{5221B558-D0CB-43E0-81F0-63E867FB6D7D}"
EndProject
Project("{FAE04EC0-301F-11D3-BF4B-00C04F79EFBC}") = "StampDutyCalculator.Lib.Tests", "StampDutyCalculator.App\StampDutyCalculator.Tests\StampDutyCalculator.Lib.Tests.csproj", "{8EDF4429-251A-416D-BB68-93F227191BCF}"
EndProject
Project("{FAE04EC0-301F-11D3-BF4B-00C04F79EFBC}") = "StampDuty.Console", "StampDuty.Console\StampDuty.Console.csproj", "{6E502581-CB87-4B5F-A8D2-DC894AA2EF26}"
EndProject
Project("{FAE04EC0-301F-11D3-BF4B-00C04F79EFBC}") = "StampDutyService", "StampDutyService\StampDutyService.csproj", "{6785AAA1-3D10-4648-BA07-03D88822676D}"
EndProject
Project("{FAE04EC0-301F-11D3-BF4B-00C04F79EFBC}") = "StampDutyService.Tests", "StampDutyService.Tests\StampDutyService.Tests.csproj", "{A74A3E8C-836A-466E-AB30-F4603C575284}"
EndProject
Global
	GlobalSection(SolutionConfigurationPlatforms) = preSolution
		Debug|Any CPU = Debug|Any CPU
		Release|Any CPU = Release|Any CPU
	EndGlobalSection
	GlobalSection(ProjectConfigurationPlatforms) = postSolution
		{A85F100C-0F29-44DB-88C5-40303B323333}.Debug|Any CPU.ActiveCfg = Debug|Any CPU
		{A85F100C-0F29-44DB-88C5-40303B323333}.Debug|Any CPU.Build.0 = Debug|Any CPU
		{A85F100C-0F29-44DB-88C5-40303B323333}.Release|Any CPU.ActiveCfg = Release|Any CPU
		{A85F100C-0F29-44DB-88C5-40303B323333}.Release|Any CPU.Build.0 = Release|Any CPU
		{5221B558-D0CB-43E0-81F0-63E867FB6D7D}.Debug|Any CPU.ActiveCfg = Debug|Any CPU
		{5221B558-D0CB-43E0-81F0-63E867FB6D7D}.Debug|Any CPU.Build.0 = Debug|Any CPU
		{5221B558-D0CB-43E0-81F0-63E867FB6D7D}.Release|Any CPU.ActiveCfg = Release|Any CPU
		{5221B558-D0CB-43E0-81F0-63E867FB6D7D}.Release|Any CPU.Build.0 = Release|Any CPU
		{8EDF4429-251A-416D-BB68-93F227191BCF}.Debug|Any CPU.ActiveCfg = Debug|Any CPU
		{8EDF4429-251A-416D-BB68-93F227191BCF}.Debug|Any CPU.Build.0 = Debug|Any CPU
		{8EDF4429-251A-416D-BB68-93F227191BCF}.Release|Any CPU.ActiveCfg = Release|Any CPU
		{8EDF4429-251A-416D-BB68-93F227191BCF}.Release|Any CPU.Build.0 = Release|Any CPU
		{6E502581-CB87-4B5F-A8D2-DC894AA2EF26}.Debug|Any CPU.ActiveCfg = Debug|Any CPU
		{6E502581-CB87-4B5F-A8D2-DC894AA2EF26}.Debug|Any CPU.Build.0 = Debug|Any CPU
		{6E502581-CB87-4B5F-A8D2-DC894AA2EF26}.Release|Any CPU.ActiveCfg = Release|Any CPU
		{6E502581-CB87-4B5F-A8D2-DC894AA2EF26}.Release|Any CPU.Build.0 = Release|Any CPU
		{6785AAA1-3D10-4648-BA07-03D88822676D}.Debug|Any CPU.ActiveCfg = Debug|Any CPU
		{6785AAA1-3D10-4648-BA07-03D88822676D}.Debug|Any CPU.Build.0 = Debug|Any CPU
		{6785AAA1-3D10-4648-BA07-03D88822676D}.Release|Any CPU.ActiveCfg = Release|Any CPU
		{6785AAA1-3D10-4648-BA07-03D88822676D}.Release|Any CPU.Build.0 = Release|Any CPU
		{A74A3E8C-836A-466E-AB30-F4603C575284}.Debug|Any CPU.ActiveCfg = Debug|Any CPU
		{A74A3E8C-836A-466E-AB30-F4603C575284}.Debug|Any CPU.Build.0 = Debug|Any CPU
		{A74A3E8C-836A-466E-AB30-F4603C575284}.Release|Any CPU.ActiveCfg = Release|Any CPU
		{A74A3E8C-836A-466E-AB30-F4603C575284}.Release|Any CPU.Build.0 = Release|Any CPU
	EndGlobalSection
	GlobalSection(SolutionProperties) = preSolution
		HideSolutionNode = FALSE
	EndGlobalSection
EndGlobal
