
Microsoft Visual Studio Solution File, Format Version 12.00
# Visual Studio 14
VisualStudioVersion = 14.0.25420.1
MinimumVisualStudioVersion = 10.0.40219.1
Project("{FAE04EC0-301F-11D3-BF4B-00C04F79EFBC}") = "StampDuty.Console", "StampDuty.Console\StampDuty.Console.csproj", "{6E502581-CB87-4B5F-A8D2-DC894AA2EF26}"
EndProject
Project("{FAE04EC0-301F-11D3-BF4B-00C04F79EFBC}") = "StampDuty.PropertyService", "PropertyService\StampDuty.PropertyService.csproj", "{1B008182-3BD5-4054-883D-00EB81D9C1D4}"
EndProject
Project("{FAE04EC0-301F-11D3-BF4B-00C04F79EFBC}") = "StampDuty.Common.Data", "StampDuty.Common.Data\StampDuty.Common.Data.csproj", "{122D8EBC-72E8-48FA-9A60-F1711569E73A}"
EndProject
Project("{FAE04EC0-301F-11D3-BF4B-00C04F79EFBC}") = "StampDuty.PropertyService.Tests", "StampDuty.PropertyService.Tests\StampDuty.PropertyService.Tests.csproj", "{067456C0-086C-46A8-B37F-1405717B7BFC}"
EndProject
Global
	GlobalSection(SolutionConfigurationPlatforms) = preSolution
		Debug|Any CPU = Debug|Any CPU
		Release|Any CPU = Release|Any CPU
	EndGlobalSection
	GlobalSection(ProjectConfigurationPlatforms) = postSolution
		{6E502581-CB87-4B5F-A8D2-DC894AA2EF26}.Debug|Any CPU.ActiveCfg = Debug|Any CPU
		{6E502581-CB87-4B5F-A8D2-DC894AA2EF26}.Debug|Any CPU.Build.0 = Debug|Any CPU
		{6E502581-CB87-4B5F-A8D2-DC894AA2EF26}.Release|Any CPU.ActiveCfg = Release|Any CPU
		{6E502581-CB87-4B5F-A8D2-DC894AA2EF26}.Release|Any CPU.Build.0 = Release|Any CPU
		{1B008182-3BD5-4054-883D-00EB81D9C1D4}.Debug|Any CPU.ActiveCfg = Debug|Any CPU
		{1B008182-3BD5-4054-883D-00EB81D9C1D4}.Debug|Any CPU.Build.0 = Debug|Any CPU
		{1B008182-3BD5-4054-883D-00EB81D9C1D4}.Release|Any CPU.ActiveCfg = Release|Any CPU
		{1B008182-3BD5-4054-883D-00EB81D9C1D4}.Release|Any CPU.Build.0 = Release|Any CPU
		{122D8EBC-72E8-48FA-9A60-F1711569E73A}.Debug|Any CPU.ActiveCfg = Debug|Any CPU
		{122D8EBC-72E8-48FA-9A60-F1711569E73A}.Debug|Any CPU.Build.0 = Debug|Any CPU
		{122D8EBC-72E8-48FA-9A60-F1711569E73A}.Release|Any CPU.ActiveCfg = Release|Any CPU
		{122D8EBC-72E8-48FA-9A60-F1711569E73A}.Release|Any CPU.Build.0 = Release|Any CPU
		{067456C0-086C-46A8-B37F-1405717B7BFC}.Debug|Any CPU.ActiveCfg = Debug|Any CPU
		{067456C0-086C-46A8-B37F-1405717B7BFC}.Debug|Any CPU.Build.0 = Debug|Any CPU
		{067456C0-086C-46A8-B37F-1405717B7BFC}.Release|Any CPU.ActiveCfg = Release|Any CPU
		{067456C0-086C-46A8-B37F-1405717B7BFC}.Release|Any CPU.Build.0 = Release|Any CPU
	EndGlobalSection
	GlobalSection(SolutionProperties) = preSolution
		HideSolutionNode = FALSE
	EndGlobalSection
EndGlobal
